
Microsoft Visual Studio Solution File, Format Version 12.00
# Visual Studio Version 16
VisualStudioVersion = 16.0.30204.135
MinimumVisualStudioVersion = 10.0.40219.1
Project("{FAE04EC0-301F-11D3-BF4B-00C04F79EFBC}") = "SD_29_BusDriversGossips", "SD_29_BusDriversGossips.csproj", "{111830B6-A58A-48D4-925C-9B955E4059ED}"
EndProject
Global
	GlobalSection(SolutionConfigurationPlatforms) = preSolution
		Debug|Any CPU = Debug|Any CPU
		Release|Any CPU = Release|Any CPU
	EndGlobalSection
	GlobalSection(ProjectConfigurationPlatforms) = postSolution
		{111830B6-A58A-48D4-925C-9B955E4059ED}.Debug|Any CPU.ActiveCfg = Debug|Any CPU
		{111830B6-A58A-48D4-925C-9B955E4059ED}.Debug|Any CPU.Build.0 = Debug|Any CPU
		{111830B6-A58A-48D4-925C-9B955E4059ED}.Release|Any CPU.ActiveCfg = Release|Any CPU
		{111830B6-A58A-48D4-925C-9B955E4059ED}.Release|Any CPU.Build.0 = Release|Any CPU
	EndGlobalSection
	GlobalSection(SolutionProperties) = preSolution
		HideSolutionNode = FALSE
	EndGlobalSection
	GlobalSection(ExtensibilityGlobals) = postSolution
		SolutionGuid = {4C0D8970-5D55-4F7F-A6B4-1B6E3F0B25D6}
	EndGlobalSection
EndGlobal
